
Microsoft Visual Studio Solution File, Format Version 12.00
# Visual Studio Version 16
VisualStudioVersion = 16.0.31424.327
MinimumVisualStudioVersion = 10.0.40219.1
Project("{FAE04EC0-301F-11D3-BF4B-00C04F79EFBC}") = "Exercício5", "Exercício5\Exercício5.csproj", "{BD8406F4-12AE-471A-9F9E-C564E3573063}"
EndProject
Global
	GlobalSection(SolutionConfigurationPlatforms) = preSolution
		Debug|Any CPU = Debug|Any CPU
		Release|Any CPU = Release|Any CPU
	EndGlobalSection
	GlobalSection(ProjectConfigurationPlatforms) = postSolution
		{BD8406F4-12AE-471A-9F9E-C564E3573063}.Debug|Any CPU.ActiveCfg = Debug|Any CPU
		{BD8406F4-12AE-471A-9F9E-C564E3573063}.Debug|Any CPU.Build.0 = Debug|Any CPU
		{BD8406F4-12AE-471A-9F9E-C564E3573063}.Release|Any CPU.ActiveCfg = Release|Any CPU
		{BD8406F4-12AE-471A-9F9E-C564E3573063}.Release|Any CPU.Build.0 = Release|Any CPU
	EndGlobalSection
	GlobalSection(SolutionProperties) = preSolution
		HideSolutionNode = FALSE
	EndGlobalSection
	GlobalSection(ExtensibilityGlobals) = postSolution
		SolutionGuid = {9F6B9F29-F843-41BE-90E9-63920B1645A9}
	EndGlobalSection
EndGlobal
